// !$*UTF8*$!
{
	archiveVersion = 1;
	classes = {
	};
	objectVersion = 77;
	objects = {

/* Begin PBXFileSystemSynchronizedBuildFileExceptionSet section */
		A100000000000000000000E1 /* Exceptions for "Kratos" folder in "Kratos" target */ = {
			isa = PBXFileSystemSynchronizedBuildFileExceptionSet;
			membershipExceptions = (
				Info.plist,

				THIRD_PARTY_NOTICES.md,
				licenses,
			);
			target = A1000000000000000000T001 /* Kratos */;
		};
/* End PBXFileSystemSynchronizedBuildFileExceptionSet section */

/* Begin PBXFileSystemSynchronizedRootGroup section */
		A1000000000000000000G001 /* Kratos */ = {
			isa = PBXFileSystemSynchronizedRootGroup;
			exceptions = (
				A100000000000000000000E1 /* Exceptions for "Kratos" folder in "Kratos" target */,
			);
			path = Kratos;
			sourceTree = "<group>";
		};
		A2000000000000000000G001 /* KratosTests */ = {
			isa = PBXFileSystemSynchronizedRootGroup;
			path = KratosTests;
			sourceTree = "<group>";
		};
		A3000000000000000000G001 /* KratosUITests */ = {
			isa = PBXFileSystemSynchronizedRootGroup;
			path = KratosUITests;
			sourceTree = "<group>";
		};
/* End PBXFileSystemSynchronizedRootGroup section */

/* Begin PBXContainerItemProxy section */
		A2000000000000000000X001 /* PBXContainerItemProxy */ = {
			isa = PBXContainerItemProxy;
			containerPortal = A1000000000000000000PJ01 /* Project object */;
			proxyType = 1;
			remoteGlobalIDString = A1000000000000000000T001;
			remoteInfo = Kratos;
		};
		A3000000000000000000X001 /* PBXContainerItemProxy */ = {
			isa = PBXContainerItemProxy;
			containerPortal = A1000000000000000000PJ01 /* Project object */;
			proxyType = 1;
			remoteGlobalIDString = A1000000000000000000T001;
			remoteInfo = Kratos;
		};
/* End PBXContainerItemProxy section */

/* Begin PBXTargetDependency section */
		A2000000000000000000D001 /* PBXTargetDependency */ = {
			isa = PBXTargetDependency;
			target = A1000000000000000000T001 /* Kratos */;
			targetProxy = A2000000000000000000X001 /* PBXContainerItemProxy */;
		};
		A3000000000000000000D001 /* PBXTargetDependency */ = {
			isa = PBXTargetDependency;
			target = A1000000000000000000T001 /* Kratos */;
			targetProxy = A3000000000000000000X001 /* PBXContainerItemProxy */;
		};
/* End PBXTargetDependency section */

/* Begin PBXFileReference section */
		A1000000000000000000PR01 /* Kratos.app */ = {isa = PBXFileReference; explicitFileType = wrapper.application; includeInIndex = 0; path = Kratos.app; sourceTree = BUILT_PRODUCTS_DIR; };
		A2000000000000000000PR01 /* KratosTests.xctest */ = {isa = PBXFileReference; explicitFileType = wrapper.cfbundle; includeInIndex = 0; path = KratosTests.xctest; sourceTree = BUILT_PRODUCTS_DIR; };
		A3000000000000000000PR01 /* KratosUITests.xctest */ = {isa = PBXFileReference; explicitFileType = wrapper.cfbundle; includeInIndex = 0; path = KratosUITests.xctest; sourceTree = BUILT_PRODUCTS_DIR; };
		A1000000000000000000PR02 /* KratosTailcat.xcframework */ = {isa = PBXFileReference; lastKnownFileType = wrapper.xcframework; path = ../../target/tailcat/KratosTailcat.xcframework; sourceTree = "<group>"; };

		A1000000000000000000PR03 /* licenses */ = {isa = PBXFileReference; lastKnownFileType = folder; path = Kratos/licenses; sourceTree = "<group>"; };
		A1000000000000000000PR04 /* THIRD_PARTY_NOTICES.md */ = {isa = PBXFileReference; lastKnownFileType = text; path = Kratos/THIRD_PARTY_NOTICES.md; sourceTree = "<group>"; };

/* End PBXFileReference section */

/* Begin PBXFrameworksBuildPhase section */
		A1000000000000000000F001 /* Frameworks */ = {
			isa = PBXFrameworksBuildPhase;
			buildActionMask = 2147483647;
			files = (
				A1000000000000000000B001 /* Loro in Frameworks */,
				A1000000000000000000B002 /* Markdown in Frameworks */,

				A1000000000000000000B003 /* KratosTailcat.xcframework in Frameworks */,
			);
			runOnlyForDeploymentPostprocessing = 0;
		};
/* End PBXFrameworksBuildPhase section */

/* Begin PBXBuildFile section */
		A1000000000000000000B001 /* Loro in Frameworks */ = {isa = PBXBuildFile; productRef = A1000000000000000000P002 /* Loro */; };
		A1000000000000000000B002 /* Markdown in Frameworks */ = {isa = PBXBuildFile; productRef = A1000000000000000000P004 /* Markdown */; };
		A1000000000000000000B003 /* KratosTailcat.xcframework in Frameworks */ = {isa = PBXBuildFile; fileRef = A1000000000000000000PR02 /* KratosTailcat.xcframework */; };

		A1000000000000000000B004 /* licenses in Resources */ = {isa = PBXBuildFile; fileRef = A1000000000000000000PR03 /* licenses */; };
		A1000000000000000000B005 /* THIRD_PARTY_NOTICES.md in Resources */ = {isa = PBXBuildFile; fileRef = A1000000000000000000PR04 /* THIRD_PARTY_NOTICES.md */; };

/* End PBXBuildFile section */

/* Begin PBXGroup section */
		A1000000000000000000G000 = {
			isa = PBXGroup;
			children = (
				A1000000000000000000PR02 /* KratosTailcat.xcframework */,

				A1000000000000000000PR03 /* licenses */,
				A1000000000000000000PR04 /* THIRD_PARTY_NOTICES.md */,

				A1000000000000000000G001 /* Kratos */,
				A2000000000000000000G001 /* KratosTests */,
				A3000000000000000000G001 /* KratosUITests */,
				A1000000000000000000G002 /* Products */,
			);
			sourceTree = "<group>";
		};
		A1000000000000000000G002 /* Products */ = {
			isa = PBXGroup;
			children = (
				A1000000000000000000PR01 /* Kratos.app */,
				A2000000000000000000PR01 /* KratosTests.xctest */,
				A3000000000000000000PR01 /* KratosUITests.xctest */,
			);
			name = Products;
			sourceTree = "<group>";
		};
/* End PBXGroup section */

/* Begin PBXNativeTarget section */
		A1000000000000000000T001 /* Kratos */ = {
			isa = PBXNativeTarget;
			buildConfigurationList = A1000000000000000000C001 /* Build configuration list for PBXNativeTarget "Kratos" */;
			buildPhases = (
				A1000000000000000000S001 /* Sources */,
				A1000000000000000000F001 /* Frameworks */,
				A1000000000000000000R001 /* Resources */,
			);
			buildRules = (
			);
			dependencies = (
			);
			fileSystemSynchronizedGroups = (
				A1000000000000000000G001 /* Kratos */,
			);
			name = Kratos;
			packageProductDependencies = (
				A1000000000000000000P002 /* Loro */,
				A1000000000000000000P004 /* Markdown */,
			);
			productName = Kratos;
			productReference = A1000000000000000000PR01 /* Kratos.app */;
			productType = "com.apple.product-type.application";
		};
		A2000000000000000000T001 /* KratosTests */ = {
			isa = PBXNativeTarget;
			buildConfigurationList = A2000000000000000000C001 /* Build configuration list for PBXNativeTarget "KratosTests" */;
			buildPhases = (
				A2000000000000000000S001 /* Sources */,
			);
			buildRules = (
			);
			dependencies = (
				A2000000000000000000D001 /* PBXTargetDependency */,
			);
			fileSystemSynchronizedGroups = (
				A2000000000000000000G001 /* KratosTests */,
			);
			name = KratosTests;
			packageProductDependencies = (
			);
			productName = KratosTests;
			productReference = A2000000000000000000PR01 /* KratosTests.xctest */;
			productType = "com.apple.product-type.bundle.unit-test";
		};
		A3000000000000000000T001 /* KratosUITests */ = {
			isa = PBXNativeTarget;
			buildConfigurationList = A3000000000000000000C001 /* Build configuration list for PBXNativeTarget "KratosUITests" */;
			buildPhases = (
				A3000000000000000000S001 /* Sources */,
			);
			buildRules = (
			);
			dependencies = (
				A3000000000000000000D001 /* PBXTargetDependency */,
			);
			fileSystemSynchronizedGroups = (
				A3000000000000000000G001 /* KratosUITests */,
			);
			name = KratosUITests;
			packageProductDependencies = (
			);
			productName = KratosUITests;
			productReference = A3000000000000000000PR01 /* KratosUITests.xctest */;
			productType = "com.apple.product-type.bundle.ui-testing";
		};
/* End PBXNativeTarget section */

/* Begin PBXProject section */
		A1000000000000000000PJ01 /* Project object */ = {
			isa = PBXProject;
			attributes = {
				BuildIndependentTargetsInParallel = 1;
				LastSwiftUpdateCheck = 2630;
				LastUpgradeCheck = 2630;
				TargetAttributes = {
					A1000000000000000000T001 = {
						CreatedOnToolsVersion = 26.3;
					};
				};
			};
			buildConfigurationList = A1000000000000000000C000 /* Build configuration list for PBXProject "Kratos" */;
			developmentRegion = en;
			hasScannedForEncodings = 0;
			knownRegions = (
				en,
				Base,
			);
			mainGroup = A1000000000000000000G000;
			minimizedProjectReferenceProxies = 1;
			packageReferences = (
				A1000000000000000000P001 /* XCRemoteSwiftPackageReference "loro-swift" */,
				A1000000000000000000P003 /* XCRemoteSwiftPackageReference "swift-markdown" */,
			);
			preferredProjectObjectVersion = 77;
			productRefGroup = A1000000000000000000G002 /* Products */;
			projectDirPath = "";
			projectRoot = "";
			targets = (
				A1000000000000000000T001 /* Kratos */,
				A2000000000000000000T001 /* KratosTests */,
				A3000000000000000000T001 /* KratosUITests */,
			);
		};
/* End PBXProject section */

/* Begin PBXResourcesBuildPhase section */
		A1000000000000000000R001 /* Resources */ = {
			isa = PBXResourcesBuildPhase;
			buildActionMask = 2147483647;
			files = (

				A1000000000000000000B004 /* licenses in Resources */,
				A1000000000000000000B005 /* THIRD_PARTY_NOTICES.md in Resources */,
			);
			runOnlyForDeploymentPostprocessing = 0;
		};
/* End PBXResourcesBuildPhase section */

/* Begin PBXSourcesBuildPhase section */
		A1000000000000000000S001 /* Sources */ = {
			isa = PBXSourcesBuildPhase;
			buildActionMask = 2147483647;
			files = (
			);
			runOnlyForDeploymentPostprocessing = 0;
		};
		A2000000000000000000S001 /* Sources */ = {
			isa = PBXSourcesBuildPhase;
			buildActionMask = 2147483647;
			files = (
			);
			runOnlyForDeploymentPostprocessing = 0;
		};
		A3000000000000000000S001 /* Sources */ = {
			isa = PBXSourcesBuildPhase;
			buildActionMask = 2147483647;
			files = (
			);
			runOnlyForDeploymentPostprocessing = 0;
		};
/* End PBXSourcesBuildPhase section */

/* Begin XCBuildConfiguration section */
		A1000000000000000000BC01 /* Debug */ = {
			isa = XCBuildConfiguration;
			buildSettings = {
				ALWAYS_SEARCH_USER_PATHS = NO;
				CLANG_ANALYZER_NONNULL = YES;
				CLANG_ENABLE_MODULES = YES;
				CLANG_ENABLE_OBJC_ARC = YES;
				COPY_PHASE_STRIP = NO;
				DEBUG_INFORMATION_FORMAT = dwarf;
				ENABLE_STRICT_OBJC_MSGSEND = YES;
				ENABLE_TESTABILITY = YES;
				GCC_C_LANGUAGE_STANDARD = gnu17;
				GCC_DYNAMIC_NO_PIC = NO;
				GCC_OPTIMIZATION_LEVEL = 0;
				GCC_PREPROCESSOR_DEFINITIONS = (
					"DEBUG=1",
					"$(inherited)",
				);
				IPHONEOS_DEPLOYMENT_TARGET = 26.0;
				MTL_ENABLE_DEBUG_INFO = INCLUDE_SOURCE;
				MTL_FAST_MATH = YES;
				ONLY_ACTIVE_ARCH = YES;
				SDKROOT = iphoneos;
				SWIFT_ACTIVE_COMPILATION_CONDITIONS = "DEBUG $(inherited)";
				SWIFT_OPTIMIZATION_LEVEL = "-Onone";
			};
			name = Debug;
		};
		A1000000000000000000BC02 /* Release */ = {
			isa = XCBuildConfiguration;
			buildSettings = {
				ALWAYS_SEARCH_USER_PATHS = NO;
				CLANG_ANALYZER_NONNULL = YES;
				CLANG_ENABLE_MODULES = YES;
				CLANG_ENABLE_OBJC_ARC = YES;
				COPY_PHASE_STRIP = NO;
				DEBUG_INFORMATION_FORMAT = "dwarf-with-dsym";
				ENABLE_NS_ASSERTIONS = NO;
				ENABLE_STRICT_OBJC_MSGSEND = YES;
				GCC_C_LANGUAGE_STANDARD = gnu17;
				IPHONEOS_DEPLOYMENT_TARGET = 26.0;
				MTL_ENABLE_DEBUG_INFO = NO;
				MTL_FAST_MATH = YES;
				SDKROOT = iphoneos;
				SWIFT_COMPILATION_MODE = wholemodule;
				SWIFT_OPTIMIZATION_LEVEL = "-O";
				VALIDATE_PRODUCT = YES;
			};
			name = Release;
		};
		A1000000000000000000BC03 /* Debug */ = {
			isa = XCBuildConfiguration;
			buildSettings = {
				ASSETCATALOG_COMPILER_APPICON_NAME = AppIcon;
				ASSETCATALOG_COMPILER_GLOBAL_ACCENT_COLOR_NAME = AccentColor;
				CODE_SIGN_STYLE = Automatic;

				"CODE_SIGN_ENTITLEMENTS[sdk=iphonesimulator*]" = CI/Simulator.entitlements;
				CURRENT_PROJECT_VERSION = 1;
				DEVELOPMENT_TEAM = 5XY3M483YQ;
				ENABLE_PREVIEWS = YES;
				GENERATE_INFOPLIST_FILE = NO;
				INFOPLIST_FILE = Kratos/Info.plist;
				LD_RUNPATH_SEARCH_PATHS = (
					"$(inherited)",
					"@executable_path/Frameworks",
				);
				MARKETING_VERSION = 1.0;
				PRODUCT_BUNDLE_IDENTIFIER = sh.kratos.ios;
				PRODUCT_NAME = "$(TARGET_NAME)";
				SUPPORTED_PLATFORMS = "iphoneos iphonesimulator";
				SUPPORTS_MACCATALYST = NO;
				SWIFT_EMIT_LOC_STRINGS = YES;
				SWIFT_VERSION = 5.0;
				TARGETED_DEVICE_FAMILY = "1,2";
			};
			name = Debug;
		};
		A1000000000000000000BC04 /* Release */ = {
			isa = XCBuildConfiguration;
			buildSettings = {
				ASSETCATALOG_COMPILER_APPICON_NAME = AppIcon;
				ASSETCATALOG_COMPILER_GLOBAL_ACCENT_COLOR_NAME = AccentColor;
				CODE_SIGN_STYLE = Automatic;
				CURRENT_PROJECT_VERSION = 1;
				DEVELOPMENT_TEAM = 5XY3M483YQ;
				ENABLE_PREVIEWS = YES;
				GENERATE_INFOPLIST_FILE = NO;
				INFOPLIST_FILE = Kratos/Info.plist;
				LD_RUNPATH_SEARCH_PATHS = (
					"$(inherited)",
					"@executable_path/Frameworks",
				);
				MARKETING_VERSION = 1.0;
				PRODUCT_BUNDLE_IDENTIFIER = sh.kratos.ios;
				PRODUCT_NAME = "$(TARGET_NAME)";
				SUPPORTED_PLATFORMS = "iphoneos iphonesimulator";
				SUPPORTS_MACCATALYST = NO;
				SWIFT_EMIT_LOC_STRINGS = YES;
				SWIFT_VERSION = 5.0;
				TARGETED_DEVICE_FAMILY = "1,2";
			};
			name = Release;
		};
		A2000000000000000000BC03 /* Debug */ = {
			isa = XCBuildConfiguration;
			buildSettings = {
				BUNDLE_LOADER = "$(TEST_HOST)";
				CODE_SIGN_STYLE = Automatic;
				CURRENT_PROJECT_VERSION = 1;
				GENERATE_INFOPLIST_FILE = YES;
				MARKETING_VERSION = 1.0;
				PRODUCT_BUNDLE_IDENTIFIER = sh.kratos.ios.tests;
				PRODUCT_NAME = "$(TARGET_NAME)";
				SUPPORTED_PLATFORMS = "iphoneos iphonesimulator";
				SWIFT_EMIT_LOC_STRINGS = NO;
				SWIFT_VERSION = 5.0;
				TARGETED_DEVICE_FAMILY = "1,2";
				TEST_HOST = "$(BUILT_PRODUCTS_DIR)/Kratos.app/$(BUNDLE_EXECUTABLE_FOLDER_PATH)/Kratos";
			};
			name = Debug;
		};
		A3000000000000000000BC03 /* Debug */ = {
			isa = XCBuildConfiguration;
			buildSettings = {

				CODE_SIGN_STYLE = Automatic;
				CURRENT_PROJECT_VERSION = 1;
				GENERATE_INFOPLIST_FILE = YES;
				MARKETING_VERSION = 1.0;
				PRODUCT_BUNDLE_IDENTIFIER = sh.kratos.ios.uitests;
				PRODUCT_NAME = "$(TARGET_NAME)";
				SUPPORTED_PLATFORMS = "iphoneos iphonesimulator";
				SWIFT_EMIT_LOC_STRINGS = NO;
				SWIFT_VERSION = 5.0;
				TARGETED_DEVICE_FAMILY = "1,2";
				TEST_TARGET_NAME = Kratos;
			};
			name = Debug;
		};
		A2000000000000000000BC04 /* Release */ = {
			isa = XCBuildConfiguration;
			buildSettings = {
				BUNDLE_LOADER = "$(TEST_HOST)";
				CODE_SIGN_STYLE = Automatic;
				CURRENT_PROJECT_VERSION = 1;
				GENERATE_INFOPLIST_FILE = YES;
				MARKETING_VERSION = 1.0;
				PRODUCT_BUNDLE_IDENTIFIER = sh.kratos.ios.tests;
				PRODUCT_NAME = "$(TARGET_NAME)";
				SUPPORTED_PLATFORMS = "iphoneos iphonesimulator";
				SWIFT_EMIT_LOC_STRINGS = NO;
				SWIFT_VERSION = 5.0;
				TARGETED_DEVICE_FAMILY = "1,2";
				TEST_HOST = "$(BUILT_PRODUCTS_DIR)/Kratos.app/$(BUNDLE_EXECUTABLE_FOLDER_PATH)/Kratos";
			};
			name = Release;
		};
		A3000000000000000000BC04 /* Release */ = {
			isa = XCBuildConfiguration;
			buildSettings = {

				CODE_SIGN_STYLE = Automatic;
				CURRENT_PROJECT_VERSION = 1;
				GENERATE_INFOPLIST_FILE = YES;
				MARKETING_VERSION = 1.0;
				PRODUCT_BUNDLE_IDENTIFIER = sh.kratos.ios.uitests;
				PRODUCT_NAME = "$(TARGET_NAME)";
				SUPPORTED_PLATFORMS = "iphoneos iphonesimulator";
				SWIFT_EMIT_LOC_STRINGS = NO;
				SWIFT_VERSION = 5.0;
				TARGETED_DEVICE_FAMILY = "1,2";
				TEST_TARGET_NAME = Kratos;
			};
			name = Release;
		};
/* End XCBuildConfiguration section */

/* Begin XCConfigurationList section */
		A1000000000000000000C000 /* Build configuration list for PBXProject "Kratos" */ = {
			isa = XCConfigurationList;
			buildConfigurations = (
				A1000000000000000000BC01 /* Debug */,
				A1000000000000000000BC02 /* Release */,
			);
			defaultConfigurationIsVisible = 0;
			defaultConfigurationName = Release;
		};
		A1000000000000000000C001 /* Build configuration list for PBXNativeTarget "Kratos" */ = {
			isa = XCConfigurationList;
			buildConfigurations = (
				A1000000000000000000BC03 /* Debug */,
				A1000000000000000000BC04 /* Release */,
			);
			defaultConfigurationIsVisible = 0;
			defaultConfigurationName = Release;
		};
		A2000000000000000000C001 /* Build configuration list for PBXNativeTarget "KratosTests" */ = {
			isa = XCConfigurationList;
			buildConfigurations = (
				A2000000000000000000BC03 /* Debug */,
				A2000000000000000000BC04 /* Release */,
			);
			defaultConfigurationIsVisible = 0;
			defaultConfigurationName = Release;
		};
		A3000000000000000000C001 /* Build configuration list for PBXNativeTarget "KratosUITests" */ = {
			isa = XCConfigurationList;
			buildConfigurations = (
				A3000000000000000000BC03 /* Debug */,
				A3000000000000000000BC04 /* Release */,
			);
			defaultConfigurationIsVisible = 0;
			defaultConfigurationName = Release;
		};
/* End XCConfigurationList section */

/* Begin XCRemoteSwiftPackageReference section */
		A1000000000000000000P001 /* XCRemoteSwiftPackageReference "loro-swift" */ = {
			isa = XCRemoteSwiftPackageReference;
			repositoryURL = "https://github.com/loro-dev/loro-swift.git";
			requirement = {
				kind = upToNextMajorVersion;
				minimumVersion = 1.13.3;
			};
		};
		A1000000000000000000P003 /* XCRemoteSwiftPackageReference "swift-markdown" */ = {
			isa = XCRemoteSwiftPackageReference;
			repositoryURL = "https://github.com/swiftlang/swift-markdown.git";
			requirement = {
				kind = upToNextMajorVersion;
				minimumVersion = 0.4.0;
			};
		};
/* End XCRemoteSwiftPackageReference section */

/* Begin XCSwiftPackageProductDependency section */
		A1000000000000000000P002 /* Loro */ = {
			isa = XCSwiftPackageProductDependency;
			package = A1000000000000000000P001 /* XCRemoteSwiftPackageReference "loro-swift" */;
			productName = Loro;
		};
		A1000000000000000000P004 /* Markdown */ = {
			isa = XCSwiftPackageProductDependency;
			package = A1000000000000000000P003 /* XCRemoteSwiftPackageReference "swift-markdown" */;
			productName = Markdown;
		};
/* End XCSwiftPackageProductDependency section */
	};
	rootObject = A1000000000000000000PJ01 /* Project object */;
}
